{
  "name": "abc",
  "version": "1.0.0",
  "lockfileVersion": 1,
  "requires": true,
  "dependencies": {
    "agora-rtc-sdk": {
      "version": "3.0.0",
      "resolved": "https://registry.npmjs.org/agora-rtc-sdk/-/agora-rtc-sdk-3.0.0.tgz",
      "integrity": "sha512-z9KxPfa5ku2dCaJK5sUvj1sfh01oJxi/KjucG/TjEwH9Keu83El/exY5jScOUiAENrIZGZe+G2tUxPnT+ss6KQ=="
    }
  }
}
